// !$*UTF8*$!
{
	archiveVersion = 1;
	classes = {
	};
	objectVersion = 46;
	objects = {

/* Begin PBXBuildFile section */
		A7AACD131BB0EA6E00185AA5 /* SettingsViewController.xib in Resources */ = {isa = PBXBuildFile; fileRef = A7AACD121BB0EA6E00185AA5 /* SettingsViewController.xib */; };
		A7AACD151BB0EB1700185AA5 /* SettingsViewController.m in Sources */ = {isa = PBXBuildFile; fileRef = A7AACD141BB0EB1700185AA5 /* SettingsViewController.m */; };
		A7AACD181BB1138F00185AA5 /* README.md in Sources */ = {isa = PBXBuildFile; fileRef = A7AACD171BB1138F00185AA5 /* README.md */; };
		A7B099A91BB0CA0B00AA2B01 /* main.m in Sources */ = {isa = PBXBuildFile; fileRef = A7B099A81BB0CA0B00AA2B01 /* main.m */; };
		A7B099AC1BB0CA0B00AA2B01 /* AppDelegate.m in Sources */ = {isa = PBXBuildFile; fileRef = A7B099AB1BB0CA0B00AA2B01 /* AppDelegate.m */; };
		A7B099AF1BB0CA0B00AA2B01 /* TipViewController.m in Sources */ = {isa = PBXBuildFile; fileRef = A7B099AE1BB0CA0B00AA2B01 /* TipViewController.m */; };
		A7B099B41BB0CA0B00AA2B01 /* Images.xcassets in Resources */ = {isa = PBXBuildFile; fileRef = A7B099B31BB0CA0B00AA2B01 /* Images.xcassets */; };
		A7B099B71BB0CA0B00AA2B01 /* LaunchScreen.xib in Resources */ = {isa = PBXBuildFile; fileRef = A7B099B51BB0CA0B00AA2B01 /* LaunchScreen.xib */; };
		A7B099C31BB0CA0C00AA2B01 /* TipCalculatorTests.m in Sources */ = {isa = PBXBuildFile; fileRef = A7B099C21BB0CA0C00AA2B01 /* TipCalculatorTests.m */; };
		A7B099CF1BB0DFDA00AA2B01 /* TipViewController.xib in Resources */ = {isa = PBXBuildFile; fileRef = A7B099CE1BB0DFDA00AA2B01 /* TipViewController.xib */; };
/* End PBXBuildFile section */

/* Begin PBXContainerItemProxy section */
		A7B099BD1BB0CA0C00AA2B01 /* PBXContainerItemProxy */ = {
			isa = PBXContainerItemProxy;
			containerPortal = A7B0999B1BB0CA0B00AA2B01 /* Project object */;
			proxyType = 1;
			remoteGlobalIDString = A7B099A21BB0CA0B00AA2B01;
			remoteInfo = TipCalculator;
		};
/* End PBXContainerItemProxy section */

/* Begin PBXFileReference section */
		A7AACD121BB0EA6E00185AA5 /* SettingsViewController.xib */ = {isa = PBXFileReference; fileEncoding = 4; lastKnownFileType = file.xib; path = SettingsViewController.xib; sourceTree = "<group>"; };
		A7AACD141BB0EB1700185AA5 /* SettingsViewController.m */ = {isa = PBXFileReference; fileEncoding = 4; lastKnownFileType = sourcecode.c.objc; name = SettingsViewController.m; path = ../SettingsViewController.m; sourceTree = "<group>"; };
		A7AACD161BB0EB2900185AA5 /* SettingsViewController.h */ = {isa = PBXFileReference; lastKnownFileType = sourcecode.c.h; path = SettingsViewController.h; sourceTree = "<group>"; };
		A7AACD171BB1138F00185AA5 /* README.md */ = {isa = PBXFileReference; fileEncoding = 4; lastKnownFileType = net.daringfireball.markdown; path = README.md; sourceTree = SOURCE_ROOT; };
		A7B099A31BB0CA0B00AA2B01 /* TipCalculator.app */ = {isa = PBXFileReference; explicitFileType = wrapper.application; includeInIndex = 0; path = TipCalculator.app; sourceTree = BUILT_PRODUCTS_DIR; };
		A7B099A71BB0CA0B00AA2B01 /* Info.plist */ = {isa = PBXFileReference; lastKnownFileType = text.plist.xml; path = Info.plist; sourceTree = "<group>"; };
		A7B099A81BB0CA0B00AA2B01 /* main.m */ = {isa = PBXFileReference; lastKnownFileType = sourcecode.c.objc; path = main.m; sourceTree = "<group>"; };
		A7B099AA1BB0CA0B00AA2B01 /* AppDelegate.h */ = {isa = PBXFileReference; lastKnownFileType = sourcecode.c.h; path = AppDelegate.h; sourceTree = "<group>"; };
		A7B099AB1BB0CA0B00AA2B01 /* AppDelegate.m */ = {isa = PBXFileReference; lastKnownFileType = sourcecode.c.objc; path = AppDelegate.m; sourceTree = "<group>"; };
		A7B099AD1BB0CA0B00AA2B01 /* TipViewController.h */ = {isa = PBXFileReference; lastKnownFileType = sourcecode.c.h; path = TipViewController.h; sourceTree = "<group>"; };
		A7B099AE1BB0CA0B00AA2B01 /* TipViewController.m */ = {isa = PBXFileReference; lastKnownFileType = sourcecode.c.objc; path = TipViewController.m; sourceTree = "<group>"; };
		A7B099B31BB0CA0B00AA2B01 /* Images.xcassets */ = {isa = PBXFileReference; lastKnownFileType = folder.assetcatalog; path = Images.xcassets; sourceTree = "<group>"; };
		A7B099B61BB0CA0B00AA2B01 /* Base */ = {isa = PBXFileReference; lastKnownFileType = file.xib; name = Base; path = Base.lproj/LaunchScreen.xib; sourceTree = "<group>"; };
		A7B099BC1BB0CA0C00AA2B01 /* TipCalculatorTests.xctest */ = {isa = PBXFileReference; explicitFileType = wrapper.cfbundle; includeInIndex = 0; path = TipCalculatorTests.xctest; sourceTree = BUILT_PRODUCTS_DIR; };
		A7B099C11BB0CA0C00AA2B01 /* Info.plist */ = {isa = PBXFileReference; lastKnownFileType = text.plist.xml; path = Info.plist; sourceTree = "<group>"; };
		A7B099C21BB0CA0C00AA2B01 /* TipCalculatorTests.m */ = {isa = PBXFileReference; lastKnownFileType = sourcecode.c.objc; path = TipCalculatorTests.m; sourceTree = "<group>"; };
		A7B099CE1BB0DFDA00AA2B01 /* TipViewController.xib */ = {isa = PBXFileReference; fileEncoding = 4; lastKnownFileType = file.xib; path = TipViewController.xib; sourceTree = "<group>"; };
/* End PBXFileReference section */

/* Begin PBXFrameworksBuildPhase section */
		A7B099A01BB0CA0B00AA2B01 /* Frameworks */ = {
			isa = PBXFrameworksBuildPhase;
			buildActionMask = 2147483647;
			files = (
			);
			runOnlyForDeploymentPostprocessing = 0;
		};
		A7B099B91BB0CA0C00AA2B01 /* Frameworks */ = {
			isa = PBXFrameworksBuildPhase;
			buildActionMask = 2147483647;
			files = (
			);
			runOnlyForDeploymentPostprocessing = 0;
		};
/* End PBXFrameworksBuildPhase section */

/* Begin PBXGroup section */
		A7B0999A1BB0CA0B00AA2B01 = {
			isa = PBXGroup;
			children = (
				A7B099A51BB0CA0B00AA2B01 /* TipCalculator */,
				A7B099BF1BB0CA0C00AA2B01 /* TipCalculatorTests */,
				A7B099A41BB0CA0B00AA2B01 /* Products */,
			);
			sourceTree = "<group>";
		};
		A7B099A41BB0CA0B00AA2B01 /* Products */ = {
			isa = PBXGroup;
			children = (
				A7B099A31BB0CA0B00AA2B01 /* TipCalculator.app */,
				A7B099BC1BB0CA0C00AA2B01 /* TipCalculatorTests.xctest */,
			);
			name = Products;
			sourceTree = "<group>";
		};
		A7B099A51BB0CA0B00AA2B01 /* TipCalculator */ = {
			isa = PBXGroup;
			children = (
				A7AACD171BB1138F00185AA5 /* README.md */,
				A7B099AA1BB0CA0B00AA2B01 /* AppDelegate.h */,
				A7B099AB1BB0CA0B00AA2B01 /* AppDelegate.m */,
				A7B099AD1BB0CA0B00AA2B01 /* TipViewController.h */,
				A7B099AE1BB0CA0B00AA2B01 /* TipViewController.m */,
				A7B099CE1BB0DFDA00AA2B01 /* TipViewController.xib */,
				A7AACD161BB0EB2900185AA5 /* SettingsViewController.h */,
				A7AACD141BB0EB1700185AA5 /* SettingsViewController.m */,
				A7AACD121BB0EA6E00185AA5 /* SettingsViewController.xib */,
				A7B099B31BB0CA0B00AA2B01 /* Images.xcassets */,
				A7B099B51BB0CA0B00AA2B01 /* LaunchScreen.xib */,
				A7B099A61BB0CA0B00AA2B01 /* Supporting Files */,
			);
			path = TipCalculator;
			sourceTree = "<group>";
		};
		A7B099A61BB0CA0B00AA2B01 /* Supporting Files */ = {
			isa = PBXGroup;
			children = (
				A7B099A71BB0CA0B00AA2B01 /* Info.plist */,
				A7B099A81BB0CA0B00AA2B01 /* main.m */,
			);
			name = "Supporting Files";
			sourceTree = "<group>";
		};
		A7B099BF1BB0CA0C00AA2B01 /* TipCalculatorTests */ = {
			isa = PBXGroup;
			children = (
				A7B099C21BB0CA0C00AA2B01 /* TipCalculatorTests.m */,
				A7B099C01BB0CA0C00AA2B01 /* Supporting Files */,
			);
			path = TipCalculatorTests;
			sourceTree = "<group>";
		};
		A7B099C01BB0CA0C00AA2B01 /* Supporting Files */ = {
			isa = PBXGroup;
			children = (
				A7B099C11BB0CA0C00AA2B01 /* Info.plist */,
			);
			name = "Supporting Files";
			sourceTree = "<group>";
		};
/* End PBXGroup section */

/* Begin PBXNativeTarget section */
		A7B099A21BB0CA0B00AA2B01 /* TipCalculator */ = {
			isa = PBXNativeTarget;
			buildConfigurationList = A7B099C61BB0CA0C00AA2B01 /* Build configuration list for PBXNativeTarget "TipCalculator" */;
			buildPhases = (
				A7B0999F1BB0CA0B00AA2B01 /* Sources */,
				A7B099A01BB0CA0B00AA2B01 /* Frameworks */,
				A7B099A11BB0CA0B00AA2B01 /* Resources */,
			);
			buildRules = (
			);
			dependencies = (
			);
			name = TipCalculator;
			productName = TipCalculator;
			productReference = A7B099A31BB0CA0B00AA2B01 /* TipCalculator.app */;
			productType = "com.apple.product-type.application";
		};
		A7B099BB1BB0CA0C00AA2B01 /* TipCalculatorTests */ = {
			isa = PBXNativeTarget;
			buildConfigurationList = A7B099C91BB0CA0C00AA2B01 /* Build configuration list for PBXNativeTarget "TipCalculatorTests" */;
			buildPhases = (
				A7B099B81BB0CA0C00AA2B01 /* Sources */,
				A7B099B91BB0CA0C00AA2B01 /* Frameworks */,
				A7B099BA1BB0CA0C00AA2B01 /* Resources */,
			);
			buildRules = (
			);
			dependencies = (
				A7B099BE1BB0CA0C00AA2B01 /* PBXTargetDependency */,
			);
			name = TipCalculatorTests;
			productName = TipCalculatorTests;
			productReference = A7B099BC1BB0CA0C00AA2B01 /* TipCalculatorTests.xctest */;
			productType = "com.apple.product-type.bundle.unit-test";
		};
/* End PBXNativeTarget section */

/* Begin PBXProject section */
		A7B0999B1BB0CA0B00AA2B01 /* Project object */ = {
			isa = PBXProject;
			attributes = {
				LastUpgradeCheck = 0620;
				ORGANIZATIONNAME = "SamLarison@Vidsbee";
				TargetAttributes = {
					A7B099A21BB0CA0B00AA2B01 = {
						CreatedOnToolsVersion = 6.2;
					};
					A7B099BB1BB0CA0C00AA2B01 = {
						CreatedOnToolsVersion = 6.2;
						TestTargetID = A7B099A21BB0CA0B00AA2B01;
					};
				};
			};
			buildConfigurationList = A7B0999E1BB0CA0B00AA2B01 /* Build configuration list for PBXProject "TipCalculator" */;
			compatibilityVersion = "Xcode 3.2";
			developmentRegion = English;
			hasScannedForEncodings = 0;
			knownRegions = (
				en,
				Base,
			);
			mainGroup = A7B0999A1BB0CA0B00AA2B01;
			productRefGroup = A7B099A41BB0CA0B00AA2B01 /* Products */;
			projectDirPath = "";
			projectRoot = "";
			targets = (
				A7B099A21BB0CA0B00AA2B01 /* TipCalculator */,
				A7B099BB1BB0CA0C00AA2B01 /* TipCalculatorTests */,
			);
		};
/* End PBXProject section */

/* Begin PBXResourcesBuildPhase section */
		A7B099A11BB0CA0B00AA2B01 /* Resources */ = {
			isa = PBXResourcesBuildPhase;
			buildActionMask = 2147483647;
			files = (
				A7B099B71BB0CA0B00AA2B01 /* LaunchScreen.xib in Resources */,
				A7B099CF1BB0DFDA00AA2B01 /* TipViewController.xib in Resources */,
				A7B099B41BB0CA0B00AA2B01 /* Images.xcassets in Resources */,
				A7AACD131BB0EA6E00185AA5 /* SettingsViewController.xib in Resources */,
			);
			runOnlyForDeploymentPostprocessing = 0;
		};
		A7B099BA1BB0CA0C00AA2B01 /* Resources */ = {
			isa = PBXResourcesBuildPhase;
			buildActionMask = 2147483647;
			files = (
			);
			runOnlyForDeploymentPostprocessing = 0;
		};
/* End PBXResourcesBuildPhase section */

/* Begin PBXSourcesBuildPhase section */
		A7B0999F1BB0CA0B00AA2B01 /* Sources */ = {
			isa = PBXSourcesBuildPhase;
			buildActionMask = 2147483647;
			files = (
				A7B099AF1BB0CA0B00AA2B01 /* TipViewController.m in Sources */,
				A7B099AC1BB0CA0B00AA2B01 /* AppDelegate.m in Sources */,
				A7AACD181BB1138F00185AA5 /* README.md in Sources */,
				A7B099A91BB0CA0B00AA2B01 /* main.m in Sources */,
				A7AACD151BB0EB1700185AA5 /* SettingsViewController.m in Sources */,
			);
			runOnlyForDeploymentPostprocessing = 0;
		};
		A7B099B81BB0CA0C00AA2B01 /* Sources */ = {
			isa = PBXSourcesBuildPhase;
			buildActionMask = 2147483647;
			files = (
				A7B099C31BB0CA0C00AA2B01 /* TipCalculatorTests.m in Sources */,
			);
			runOnlyForDeploymentPostprocessing = 0;
		};
/* End PBXSourcesBuildPhase section */

/* Begin PBXTargetDependency section */
		A7B099BE1BB0CA0C00AA2B01 /* PBXTargetDependency */ = {
			isa = PBXTargetDependency;
			target = A7B099A21BB0CA0B00AA2B01 /* TipCalculator */;
			targetProxy = A7B099BD1BB0CA0C00AA2B01 /* PBXContainerItemProxy */;
		};
/* End PBXTargetDependency section */

/* Begin PBXVariantGroup section */
		A7B099B51BB0CA0B00AA2B01 /* LaunchScreen.xib */ = {
			isa = PBXVariantGroup;
			children = (
				A7B099B61BB0CA0B00AA2B01 /* Base */,
			);
			name = LaunchScreen.xib;
			sourceTree = "<group>";
		};
/* End PBXVariantGroup section */

/* Begin XCBuildConfiguration section */
		A7B099C41BB0CA0C00AA2B01 /* Debug */ = {
			isa = XCBuildConfiguration;
			buildSettings = {
				ALWAYS_SEARCH_USER_PATHS = NO;
				CLANG_CXX_LANGUAGE_STANDARD = "gnu++0x";
				CLANG_CXX_LIBRARY = "libc++";
				CLANG_ENABLE_MODULES = YES;
				CLANG_ENABLE_OBJC_ARC = YES;
				CLANG_WARN_BOOL_CONVERSION = YES;
				CLANG_WARN_CONSTANT_CONVERSION = YES;
				CLANG_WARN_DIRECT_OBJC_ISA_USAGE = YES_ERROR;
				CLANG_WARN_EMPTY_BODY = YES;
				CLANG_WARN_ENUM_CONVERSION = YES;
				CLANG_WARN_INT_CONVERSION = YES;
				CLANG_WARN_OBJC_ROOT_CLASS = YES_ERROR;
				CLANG_WARN_UNREACHABLE_CODE = YES;
				CLANG_WARN__DUPLICATE_METHOD_MATCH = YES;
				"CODE_SIGN_IDENTITY[sdk=iphoneos*]" = "iPhone Developer";
				COPY_PHASE_STRIP = NO;
				ENABLE_STRICT_OBJC_MSGSEND = YES;
				GCC_C_LANGUAGE_STANDARD = gnu99;
				GCC_DYNAMIC_NO_PIC = NO;
				GCC_OPTIMIZATION_LEVEL = 0;
				GCC_PREPROCESSOR_DEFINITIONS = (
					"DEBUG=1",
					"$(inherited)",
				);
				GCC_SYMBOLS_PRIVATE_EXTERN = NO;
				GCC_WARN_64_TO_32_BIT_CONVERSION = YES;
				GCC_WARN_ABOUT_RETURN_TYPE = YES_ERROR;
				GCC_WARN_UNDECLARED_SELECTOR = YES;
				GCC_WARN_UNINITIALIZED_AUTOS = YES_AGGRESSIVE;
				GCC_WARN_UNUSED_FUNCTION = YES;
				GCC_WARN_UNUSED_VARIABLE = YES;
				IPHONEOS_DEPLOYMENT_TARGET = 8.2;
				MTL_ENABLE_DEBUG_INFO = YES;
				ONLY_ACTIVE_ARCH = YES;
				SDKROOT = iphoneos;
				TARGETED_DEVICE_FAMILY = "1,2";
			};
			name = Debug;
		};
		A7B099C51BB0CA0C00AA2B01 /* Release */ = {
			isa = XCBuildConfiguration;
			buildSettings = {
				ALWAYS_SEARCH_USER_PATHS = NO;
				CLANG_CXX_LANGUAGE_STANDARD = "gnu++0x";
				CLANG_CXX_LIBRARY = "libc++";
				CLANG_ENABLE_MODULES = YES;
				CLANG_ENABLE_OBJC_ARC = YES;
				CLANG_WARN_BOOL_CONVERSION = YES;
				CLANG_WARN_CONSTANT_CONVERSION = YES;
				CLANG_WARN_DIRECT_OBJC_ISA_USAGE = YES_ERROR;
				CLANG_WARN_EMPTY_BODY = YES;
				CLANG_WARN_ENUM_CONVERSION = YES;
				CLANG_WARN_INT_CONVERSION = YES;
				CLANG_WARN_OBJC_ROOT_CLASS = YES_ERROR;
				CLANG_WARN_UNREACHABLE_CODE = YES;
				CLANG_WARN__DUPLICATE_METHOD_MATCH = YES;
				"CODE_SIGN_IDENTITY[sdk=iphoneos*]" = "iPhone Developer";
				COPY_PHASE_STRIP = NO;
				ENABLE_NS_ASSERTIONS = NO;
				ENABLE_STRICT_OBJC_MSGSEND = YES;
				GCC_C_LANGUAGE_STANDARD = gnu99;
				GCC_WARN_64_TO_32_BIT_CONVERSION = YES;
				GCC_WARN_ABOUT_RETURN_TYPE = YES_ERROR;
				GCC_WARN_UNDECLARED_SELECTOR = YES;
				GCC_WARN_UNINITIALIZED_AUTOS = YES_AGGRESSIVE;
				GCC_WARN_UNUSED_FUNCTION = YES;
				GCC_WARN_UNUSED_VARIABLE = YES;
				IPHONEOS_DEPLOYMENT_TARGET = 8.2;
				MTL_ENABLE_DEBUG_INFO = NO;
				SDKROOT = iphoneos;
				TARGETED_DEVICE_FAMILY = "1,2";
				VALIDATE_PRODUCT = YES;
			};
			name = Release;
		};
		A7B099C71BB0CA0C00AA2B01 /* Debug */ = {
			isa = XCBuildConfiguration;
			buildSettings = {
				ASSETCATALOG_COMPILER_APPICON_NAME = AppIcon;
				INFOPLIST_FILE = TipCalculator/Info.plist;
				IPHONEOS_DEPLOYMENT_TARGET = 6.0;
				LD_RUNPATH_SEARCH_PATHS = "$(inherited) @executable_path/Frameworks";
				PRODUCT_NAME = "$(TARGET_NAME)";
			};
			name = Debug;
		};
		A7B099C81BB0CA0C00AA2B01 /* Release */ = {
			isa = XCBuildConfiguration;
			buildSettings = {
				ASSETCATALOG_COMPILER_APPICON_NAME = AppIcon;
				INFOPLIST_FILE = TipCalculator/Info.plist;
				IPHONEOS_DEPLOYMENT_TARGET = 6.0;
				LD_RUNPATH_SEARCH_PATHS = "$(inherited) @executable_path/Frameworks";
				PRODUCT_NAME = "$(TARGET_NAME)";
			};
			name = Release;
		};
		A7B099CA1BB0CA0C00AA2B01 /* Debug */ = {
			isa = XCBuildConfiguration;
			buildSettings = {
				BUNDLE_LOADER = "$(TEST_HOST)";
				FRAMEWORK_SEARCH_PATHS = (
					"$(SDKROOT)/Developer/Library/Frameworks",
					"$(inherited)",
				);
				GCC_PREPROCESSOR_DEFINITIONS = (
					"DEBUG=1",
					"$(inherited)",
				);
				INFOPLIST_FILE = TipCalculatorTests/Info.plist;
				LD_RUNPATH_SEARCH_PATHS = "$(inherited) @executable_path/Frameworks @loader_path/Frameworks";
				PRODUCT_NAME = "$(TARGET_NAME)";
				TEST_HOST = "$(BUILT_PRODUCTS_DIR)/TipCalculator.app/TipCalculator";
			};
			name = Debug;
		};
		A7B099CB1BB0CA0C00AA2B01 /* Release */ = {
			isa = XCBuildConfiguration;
			buildSettings = {
				BUNDLE_LOADER = "$(TEST_HOST)";
				FRAMEWORK_SEARCH_PATHS = (
					"$(SDKROOT)/Developer/Library/Frameworks",
					"$(inherited)",
				);
				INFOPLIST_FILE = TipCalculatorTests/Info.plist;
				LD_RUNPATH_SEARCH_PATHS = "$(inherited) @executable_path/Frameworks @loader_path/Frameworks";
				PRODUCT_NAME = "$(TARGET_NAME)";
				TEST_HOST = "$(BUILT_PRODUCTS_DIR)/TipCalculator.app/TipCalculator";
			};
			name = Release;
		};
/* End XCBuildConfiguration section */

/* Begin XCConfigurationList section */
		A7B0999E1BB0CA0B00AA2B01 /* Build configuration list for PBXProject "TipCalculator" */ = {
			isa = XCConfigurationList;
			buildConfigurations = (
				A7B099C41BB0CA0C00AA2B01 /* Debug */,
				A7B099C51BB0CA0C00AA2B01 /* Release */,
			);
			defaultConfigurationIsVisible = 0;
			defaultConfigurationName = Release;
		};
		A7B099C61BB0CA0C00AA2B01 /* Build configuration list for PBXNativeTarget "TipCalculator" */ = {
			isa = XCConfigurationList;
			buildConfigurations = (
				A7B099C71BB0CA0C00AA2B01 /* Debug */,
				A7B099C81BB0CA0C00AA2B01 /* Release */,
			);
			defaultConfigurationIsVisible = 0;
			defaultConfigurationName = Release;
		};
		A7B099C91BB0CA0C00AA2B01 /* Build configuration list for PBXNativeTarget "TipCalculatorTests" */ = {
			isa = XCConfigurationList;
			buildConfigurations = (
				A7B099CA1BB0CA0C00AA2B01 /* Debug */,
				A7B099CB1BB0CA0C00AA2B01 /* Release */,
			);
			defaultConfigurationIsVisible = 0;
			defaultConfigurationName = Release;
		};
/* End XCConfigurationList section */
	};
	rootObject = A7B0999B1BB0CA0B00AA2B01 /* Project object */;
}
